
Microsoft Visual Studio Solution File, Format Version 12.00
# Visual Studio Version 17
VisualStudioVersion = 17.0.32014.148
MinimumVisualStudioVersion = 10.0.40219.1
Project("{FAE04EC0-301F-11D3-BF4B-00C04F79EFBC}") = "TRMDataManager", "TRMDataManager\TRMDataManager.csproj", "{37D0130C-A8F3-437A-8825-61381E75CC3A}"
EndProject
Project("{00D1A9C2-B5F0-4AF3-8072-F6C62B433612}") = "TRMData", "TRMData\TRMData.sqlproj", "{B45F3B16-1B4A-4D8A-944C-5938FE6EBE31}"
EndProject
Project("{9A19103F-16F7-4668-BE54-9A1E7A4F7556}") = "TRMDesktopUI", "TRMDesktopUI\TRMDesktopUI.csproj", "{B451C07D-5B72-4173-A740-BA66C73B288A}"
EndProject
Project("{FAE04EC0-301F-11D3-BF4B-00C04F79EFBC}") = "TRMDataManager.Library", "TRMDataManager.Library\TRMDataManager.Library.csproj", "{A19675F6-7BE0-4F63-9340-96D13F7FBE5F}"
EndProject
Project("{FAE04EC0-301F-11D3-BF4B-00C04F79EFBC}") = "TRMDesktopUI.Library", "TRMDesktopUI.Library\TRMDesktopUI.Library.csproj", "{5BA3775F-A127-46AF-B436-CBE78FD3C49D}"
EndProject
Global
	GlobalSection(SolutionConfigurationPlatforms) = preSolution
		Debug|Any CPU = Debug|Any CPU
		Release|Any CPU = Release|Any CPU
	EndGlobalSection
	GlobalSection(ProjectConfigurationPlatforms) = postSolution
		{37D0130C-A8F3-437A-8825-61381E75CC3A}.Debug|Any CPU.ActiveCfg = Debug|Any CPU
		{37D0130C-A8F3-437A-8825-61381E75CC3A}.Debug|Any CPU.Build.0 = Debug|Any CPU
		{37D0130C-A8F3-437A-8825-61381E75CC3A}.Release|Any CPU.ActiveCfg = Release|Any CPU
		{37D0130C-A8F3-437A-8825-61381E75CC3A}.Release|Any CPU.Build.0 = Release|Any CPU
		{B45F3B16-1B4A-4D8A-944C-5938FE6EBE31}.Debug|Any CPU.ActiveCfg = Debug|Any CPU
		{B45F3B16-1B4A-4D8A-944C-5938FE6EBE31}.Debug|Any CPU.Build.0 = Debug|Any CPU
		{B45F3B16-1B4A-4D8A-944C-5938FE6EBE31}.Debug|Any CPU.Deploy.0 = Debug|Any CPU
		{B45F3B16-1B4A-4D8A-944C-5938FE6EBE31}.Release|Any CPU.ActiveCfg = Release|Any CPU
		{B45F3B16-1B4A-4D8A-944C-5938FE6EBE31}.Release|Any CPU.Build.0 = Release|Any CPU
		{B45F3B16-1B4A-4D8A-944C-5938FE6EBE31}.Release|Any CPU.Deploy.0 = Release|Any CPU
		{B451C07D-5B72-4173-A740-BA66C73B288A}.Debug|Any CPU.ActiveCfg = Debug|Any CPU
		{B451C07D-5B72-4173-A740-BA66C73B288A}.Debug|Any CPU.Build.0 = Debug|Any CPU
		{B451C07D-5B72-4173-A740-BA66C73B288A}.Release|Any CPU.ActiveCfg = Release|Any CPU
		{B451C07D-5B72-4173-A740-BA66C73B288A}.Release|Any CPU.Build.0 = Release|Any CPU
		{A19675F6-7BE0-4F63-9340-96D13F7FBE5F}.Debug|Any CPU.ActiveCfg = Debug|Any CPU
		{A19675F6-7BE0-4F63-9340-96D13F7FBE5F}.Debug|Any CPU.Build.0 = Debug|Any CPU
		{A19675F6-7BE0-4F63-9340-96D13F7FBE5F}.Release|Any CPU.ActiveCfg = Release|Any CPU
		{A19675F6-7BE0-4F63-9340-96D13F7FBE5F}.Release|Any CPU.Build.0 = Release|Any CPU
		{5BA3775F-A127-46AF-B436-CBE78FD3C49D}.Debug|Any CPU.ActiveCfg = Debug|Any CPU
		{5BA3775F-A127-46AF-B436-CBE78FD3C49D}.Debug|Any CPU.Build.0 = Debug|Any CPU
		{5BA3775F-A127-46AF-B436-CBE78FD3C49D}.Release|Any CPU.ActiveCfg = Release|Any CPU
		{5BA3775F-A127-46AF-B436-CBE78FD3C49D}.Release|Any CPU.Build.0 = Release|Any CPU
	EndGlobalSection
	GlobalSection(SolutionProperties) = preSolution
		HideSolutionNode = FALSE
	EndGlobalSection
	GlobalSection(ExtensibilityGlobals) = postSolution
		SolutionGuid = {989E4845-F975-4835-B77F-6CC96768D56A}
	EndGlobalSection
EndGlobal
